
Microsoft Visual Studio Solution File, Format Version 12.00
# Visual Studio Version 16
VisualStudioVersion = 16.0.30717.126
MinimumVisualStudioVersion = 10.0.40219.1
Project("{FAE04EC0-301F-11D3-BF4B-00C04F79EFBC}") = "Manis_FinalExam_Q1_Restaurant", "Manis_FinalExam_Q1_Restaurant.csproj", "{9782C33B-26B0-43E4-8299-68AFD81B0907}"
EndProject
Global
	GlobalSection(SolutionConfigurationPlatforms) = preSolution
		Debug|Any CPU = Debug|Any CPU
		Release|Any CPU = Release|Any CPU
	EndGlobalSection
	GlobalSection(ProjectConfigurationPlatforms) = postSolution
		{9782C33B-26B0-43E4-8299-68AFD81B0907}.Debug|Any CPU.ActiveCfg = Debug|Any CPU
		{9782C33B-26B0-43E4-8299-68AFD81B0907}.Debug|Any CPU.Build.0 = Debug|Any CPU
		{9782C33B-26B0-43E4-8299-68AFD81B0907}.Release|Any CPU.ActiveCfg = Release|Any CPU
		{9782C33B-26B0-43E4-8299-68AFD81B0907}.Release|Any CPU.Build.0 = Release|Any CPU
	EndGlobalSection
	GlobalSection(SolutionProperties) = preSolution
		HideSolutionNode = FALSE
	EndGlobalSection
	GlobalSection(ExtensibilityGlobals) = postSolution
		SolutionGuid = {7E9039C3-6558-4CD0-A338-FB007E0389CE}
	EndGlobalSection
EndGlobal
